
Microsoft Visual Studio Solution File, Format Version 12.00
# Visual Studio Version 17
VisualStudioVersion = 17.0.31903.59
MinimumVisualStudioVersion = 10.0.40219.1
Project("{2150E333-8FDC-42A3-9474-1A3956D46DE8}") = "Api", "Api", "{BCB2EB80-F561-4AC1-9CF9-A1EB3EC7455F}"
EndProject
Project("{2150E333-8FDC-42A3-9474-1A3956D46DE8}") = "Host", "Host", "{5E4912DB-9F75-439B-9FB1-9D670AC738CA}"
EndProject
Project("{FAE04EC0-301F-11D3-BF4B-00C04F79EFBC}") = "ModernTenon.Api.Host", "Api\Host\ModernTenon.Api.Host.csproj", "{FCA1E46A-E8A5-47A7-A0B9-FA51C0306B04}"
EndProject
Project("{2150E333-8FDC-42A3-9474-1A3956D46DE8}") = "Repositories", "Repositories", "{5034DA1A-9183-4F4E-A66C-775763470E9F}"
EndProject
Project("{2150E333-8FDC-42A3-9474-1A3956D46DE8}") = "Services", "Services", "{353534E5-DC3C-4AFE-B6F9-F2243A68B62D}"
EndProject
Project("{2150E333-8FDC-42A3-9474-1A3956D46DE8}") = "Tests", "Tests", "{49299A67-03BF-43C6-9E5A-AF6F8E7A37F2}"
EndProject
Project("{FAE04EC0-301F-11D3-BF4B-00C04F79EFBC}") = "ModernTenon.Api.Repositories.Contracts", "Api\Repositories\Contracts\ModernTenon.Api.Repositories.Contracts.csproj", "{E742BC7B-4CB7-47BC-9219-47EF2BD71465}"
EndProject
Project("{FAE04EC0-301F-11D3-BF4B-00C04F79EFBC}") = "ModernTenon.Api.Repositories.Implimentation", "Api\Repositories\Implimentation\ModernTenon.Api.Repositories.Implimentation.csproj", "{60EFE0D9-A6D5-42F1-AA89-2EBEF826832F}"
EndProject
Project("{FAE04EC0-301F-11D3-BF4B-00C04F79EFBC}") = "ModernTenon.Api.Services.Contracts", "Api\Services\Contracts\ModernTenon.Api.Services.Contracts.csproj", "{C38A8EB9-B163-40BB-824C-EC64652A1535}"
EndProject
Project("{FAE04EC0-301F-11D3-BF4B-00C04F79EFBC}") = "ModernTenon.Api.Services.Implimentation", "Api\Services\Implimentation\ModernTenon.Api.Services.Implimentation.csproj", "{4261F980-2E21-4B53-B47C-7F7BB4C58A5E}"
EndProject
Project("{FAE04EC0-301F-11D3-BF4B-00C04F79EFBC}") = "ModernTenon.Api.IntegrationTests", "Tests\ModernTenon.Api.IntegrationTests\ModernTenon.Api.IntegrationTests.csproj", "{85518B2D-0B33-4024-A8EC-4B6B9BC3CC49}"
EndProject
Project("{FAE04EC0-301F-11D3-BF4B-00C04F79EFBC}") = "ModernTenon.Api.UnitTests", "Tests\ModernTenon.Api.UnitTests\ModernTenon.Api.UnitTests.csproj", "{F3F030E0-7CD5-4F40-B34C-A6BF88E22AC0}"
EndProject
Global
	GlobalSection(SolutionConfigurationPlatforms) = preSolution
		Debug|Any CPU = Debug|Any CPU
		Release|Any CPU = Release|Any CPU
	EndGlobalSection
	GlobalSection(ProjectConfigurationPlatforms) = postSolution
		{FCA1E46A-E8A5-47A7-A0B9-FA51C0306B04}.Debug|Any CPU.ActiveCfg = Debug|Any CPU
		{FCA1E46A-E8A5-47A7-A0B9-FA51C0306B04}.Debug|Any CPU.Build.0 = Debug|Any CPU
		{FCA1E46A-E8A5-47A7-A0B9-FA51C0306B04}.Release|Any CPU.ActiveCfg = Release|Any CPU
		{FCA1E46A-E8A5-47A7-A0B9-FA51C0306B04}.Release|Any CPU.Build.0 = Release|Any CPU
		{E742BC7B-4CB7-47BC-9219-47EF2BD71465}.Debug|Any CPU.ActiveCfg = Debug|Any CPU
		{E742BC7B-4CB7-47BC-9219-47EF2BD71465}.Debug|Any CPU.Build.0 = Debug|Any CPU
		{E742BC7B-4CB7-47BC-9219-47EF2BD71465}.Release|Any CPU.ActiveCfg = Release|Any CPU
		{E742BC7B-4CB7-47BC-9219-47EF2BD71465}.Release|Any CPU.Build.0 = Release|Any CPU
		{60EFE0D9-A6D5-42F1-AA89-2EBEF826832F}.Debug|Any CPU.ActiveCfg = Debug|Any CPU
		{60EFE0D9-A6D5-42F1-AA89-2EBEF826832F}.Debug|Any CPU.Build.0 = Debug|Any CPU
		{60EFE0D9-A6D5-42F1-AA89-2EBEF826832F}.Release|Any CPU.ActiveCfg = Release|Any CPU
		{60EFE0D9-A6D5-42F1-AA89-2EBEF826832F}.Release|Any CPU.Build.0 = Release|Any CPU
		{C38A8EB9-B163-40BB-824C-EC64652A1535}.Debug|Any CPU.ActiveCfg = Debug|Any CPU
		{C38A8EB9-B163-40BB-824C-EC64652A1535}.Debug|Any CPU.Build.0 = Debug|Any CPU
		{C38A8EB9-B163-40BB-824C-EC64652A1535}.Release|Any CPU.ActiveCfg = Release|Any CPU
		{C38A8EB9-B163-40BB-824C-EC64652A1535}.Release|Any CPU.Build.0 = Release|Any CPU
		{4261F980-2E21-4B53-B47C-7F7BB4C58A5E}.Debug|Any CPU.ActiveCfg = Debug|Any CPU
		{4261F980-2E21-4B53-B47C-7F7BB4C58A5E}.Debug|Any CPU.Build.0 = Debug|Any CPU
		{4261F980-2E21-4B53-B47C-7F7BB4C58A5E}.Release|Any CPU.ActiveCfg = Release|Any CPU
		{4261F980-2E21-4B53-B47C-7F7BB4C58A5E}.Release|Any CPU.Build.0 = Release|Any CPU
		{85518B2D-0B33-4024-A8EC-4B6B9BC3CC49}.Debug|Any CPU.ActiveCfg = Debug|Any CPU
		{85518B2D-0B33-4024-A8EC-4B6B9BC3CC49}.Debug|Any CPU.Build.0 = Debug|Any CPU
		{85518B2D-0B33-4024-A8EC-4B6B9BC3CC49}.Release|Any CPU.ActiveCfg = Release|Any CPU
		{85518B2D-0B33-4024-A8EC-4B6B9BC3CC49}.Release|Any CPU.Build.0 = Release|Any CPU
		{F3F030E0-7CD5-4F40-B34C-A6BF88E22AC0}.Debug|Any CPU.ActiveCfg = Debug|Any CPU
		{F3F030E0-7CD5-4F40-B34C-A6BF88E22AC0}.Debug|Any CPU.Build.0 = Debug|Any CPU
		{F3F030E0-7CD5-4F40-B34C-A6BF88E22AC0}.Release|Any CPU.ActiveCfg = Release|Any CPU
		{F3F030E0-7CD5-4F40-B34C-A6BF88E22AC0}.Release|Any CPU.Build.0 = Release|Any CPU
	EndGlobalSection
	GlobalSection(SolutionProperties) = preSolution
		HideSolutionNode = FALSE
	EndGlobalSection
	GlobalSection(NestedProjects) = preSolution
		{5E4912DB-9F75-439B-9FB1-9D670AC738CA} = {BCB2EB80-F561-4AC1-9CF9-A1EB3EC7455F}
		{FCA1E46A-E8A5-47A7-A0B9-FA51C0306B04} = {5E4912DB-9F75-439B-9FB1-9D670AC738CA}
		{5034DA1A-9183-4F4E-A66C-775763470E9F} = {BCB2EB80-F561-4AC1-9CF9-A1EB3EC7455F}
		{353534E5-DC3C-4AFE-B6F9-F2243A68B62D} = {BCB2EB80-F561-4AC1-9CF9-A1EB3EC7455F}
		{E742BC7B-4CB7-47BC-9219-47EF2BD71465} = {5034DA1A-9183-4F4E-A66C-775763470E9F}
		{60EFE0D9-A6D5-42F1-AA89-2EBEF826832F} = {5034DA1A-9183-4F4E-A66C-775763470E9F}
		{C38A8EB9-B163-40BB-824C-EC64652A1535} = {353534E5-DC3C-4AFE-B6F9-F2243A68B62D}
		{4261F980-2E21-4B53-B47C-7F7BB4C58A5E} = {353534E5-DC3C-4AFE-B6F9-F2243A68B62D}
		{85518B2D-0B33-4024-A8EC-4B6B9BC3CC49} = {49299A67-03BF-43C6-9E5A-AF6F8E7A37F2}
		{F3F030E0-7CD5-4F40-B34C-A6BF88E22AC0} = {49299A67-03BF-43C6-9E5A-AF6F8E7A37F2}
	EndGlobalSection
EndGlobal
